
Microsoft Visual Studio Solution File, Format Version 12.00
# Visual Studio 2012
Project("{FAE04EC0-301F-11D3-BF4B-00C04F79EFBC}") = "WorkoutPlanner.Web", "WorkoutPlanner.Web\WorkoutPlanner.Web.csproj", "{AA838D2A-ACF8-4DA4-A12A-279CFE386B26}"
EndProject
Project("{FAE04EC0-301F-11D3-BF4B-00C04F79EFBC}") = "WorkoutPlanner.Tests", "WorkoutPlanner.Tests\WorkoutPlanner.Tests.csproj", "{8F8D8464-A3BE-4529-A763-5C7F49822021}"
EndProject
Global
	GlobalSection(SolutionConfigurationPlatforms) = preSolution
		Debug|Any CPU = Debug|Any CPU
		Release|Any CPU = Release|Any CPU
	EndGlobalSection
	GlobalSection(ProjectConfigurationPlatforms) = postSolution
		{AA838D2A-ACF8-4DA4-A12A-279CFE386B26}.Debug|Any CPU.ActiveCfg = Debug|Any CPU
		{AA838D2A-ACF8-4DA4-A12A-279CFE386B26}.Debug|Any CPU.Build.0 = Debug|Any CPU
		{AA838D2A-ACF8-4DA4-A12A-279CFE386B26}.Release|Any CPU.ActiveCfg = Release|Any CPU
		{AA838D2A-ACF8-4DA4-A12A-279CFE386B26}.Release|Any CPU.Build.0 = Release|Any CPU
		{8F8D8464-A3BE-4529-A763-5C7F49822021}.Debug|Any CPU.ActiveCfg = Debug|Any CPU
		{8F8D8464-A3BE-4529-A763-5C7F49822021}.Debug|Any CPU.Build.0 = Debug|Any CPU
		{8F8D8464-A3BE-4529-A763-5C7F49822021}.Release|Any CPU.ActiveCfg = Release|Any CPU
		{8F8D8464-A3BE-4529-A763-5C7F49822021}.Release|Any CPU.Build.0 = Release|Any CPU
	EndGlobalSection
	GlobalSection(SolutionProperties) = preSolution
		HideSolutionNode = FALSE
	EndGlobalSection
EndGlobal
